
Microsoft Visual Studio Solution File, Format Version 12.00
# Visual Studio 15
Project("{FAE04EC0-301F-11D3-BF4B-00C04F79EFBC}") = "Assembly-CSharp", "Assembly-CSharp.csproj", "{9E2ECE87-DCE8-A24E-65A0-105A66BD8D9D}"
EndProject
Project("{FAE04EC0-301F-11D3-BF4B-00C04F79EFBC}") = "Assembly-CSharp-Editor", "Assembly-CSharp-Editor.csproj", "{87B8DC58-F5A5-EEF6-46C5-2729734697DD}"
EndProject
Global
	GlobalSection(SolutionConfigurationPlatforms) = preSolution
		Debug|Any CPU = Debug|Any CPU
		Release|Any CPU = Release|Any CPU
	EndGlobalSection
	GlobalSection(ProjectConfigurationPlatforms) = postSolution
		{9E2ECE87-DCE8-A24E-65A0-105A66BD8D9D}.Debug|Any CPU.ActiveCfg = Debug|Any CPU
		{9E2ECE87-DCE8-A24E-65A0-105A66BD8D9D}.Debug|Any CPU.Build.0 = Debug|Any CPU
		{9E2ECE87-DCE8-A24E-65A0-105A66BD8D9D}.Release|Any CPU.ActiveCfg = Release|Any CPU
		{9E2ECE87-DCE8-A24E-65A0-105A66BD8D9D}.Release|Any CPU.Build.0 = Release|Any CPU
		{87B8DC58-F5A5-EEF6-46C5-2729734697DD}.Debug|Any CPU.ActiveCfg = Debug|Any CPU
		{87B8DC58-F5A5-EEF6-46C5-2729734697DD}.Debug|Any CPU.Build.0 = Debug|Any CPU
		{87B8DC58-F5A5-EEF6-46C5-2729734697DD}.Release|Any CPU.ActiveCfg = Release|Any CPU
		{87B8DC58-F5A5-EEF6-46C5-2729734697DD}.Release|Any CPU.Build.0 = Release|Any CPU
	EndGlobalSection
	GlobalSection(SolutionProperties) = preSolution
		HideSolutionNode = FALSE
	EndGlobalSection
EndGlobal
